
Microsoft Visual Studio Solution File, Format Version 12.00
# Visual Studio Version 17
VisualStudioVersion = 17.14.36414.22 d17.14
MinimumVisualStudioVersion = 10.0.40219.1
Project("{FAE04EC0-301F-11D3-BF4B-00C04F79EFBC}") = "Dice_and_spice", "Dice_and_spice\Dice_and_spice.csproj", "{06822860-2AC3-4279-B331-829C53C4B302}"
EndProject
Global
	GlobalSection(SolutionConfigurationPlatforms) = preSolution
		Debug|Any CPU = Debug|Any CPU
		Release|Any CPU = Release|Any CPU
	EndGlobalSection
	GlobalSection(ProjectConfigurationPlatforms) = postSolution
		{06822860-2AC3-4279-B331-829C53C4B302}.Debug|Any CPU.ActiveCfg = Debug|Any CPU
		{06822860-2AC3-4279-B331-829C53C4B302}.Debug|Any CPU.Build.0 = Debug|Any CPU
		{06822860-2AC3-4279-B331-829C53C4B302}.Release|Any CPU.ActiveCfg = Release|Any CPU
		{06822860-2AC3-4279-B331-829C53C4B302}.Release|Any CPU.Build.0 = Release|Any CPU
	EndGlobalSection
	GlobalSection(SolutionProperties) = preSolution
		HideSolutionNode = FALSE
	EndGlobalSection
	GlobalSection(ExtensibilityGlobals) = postSolution
		SolutionGuid = {542ADD02-C777-4093-97BB-B109F9253B14}
	EndGlobalSection
EndGlobal
